# This file was autogenerated by uv via the following command:
#    uv pip compile requirements.txt -o requirements.lock
asgiref==3.11.1
    # via
    #   -r requirements.txt
    #   django
django==6.0.3
    # via
    #   -r requirements.txt
    #   djangorestframework
django-autoslug==1.9.9
    # via -r requirements.txt
djangorestframework==3.17.1
    # via -r requirements.txt
mysqlclient==2.2.8
    # via -r requirements.txt
python-dotenv==1.2.2
    # via -r requirements.txt
sqlparse==0.5.5
    # via
    #   -r requirements.txt
    #   django
tzdata==2026.1
    # via
    #   -r requirements.txt
    #   django
